
Microsoft Visual Studio Solution File, Format Version 12.00
# Visual Studio 2013
VisualStudioVersion = 12.0.31101.0
MinimumVisualStudioVersion = 10.0.40219.1
Project("{9344BDBB-3E7F-41FC-A0DD-8665D75EE146}") = "Packages", "Packages.mdproj", "{ACB0CA1A-8E18-4ECB-B3D3-53A1AA94F68B}"
EndProject
Project("{2150E333-8FDC-42A3-9474-1A3956D46DE8}") = ".nuget", ".nuget", "{53F428E4-63EE-4EC8-9FDC-C34D218FBF73}"
	ProjectSection(SolutionItems) = preProject
		.nuget\NuGet.Config = .nuget\NuGet.Config
		.nuget\NuGet.exe = .nuget\NuGet.exe
		.nuget\NuGet.targets = .nuget\NuGet.targets
	EndProjectSection
EndProject
Project("{FAE04EC0-301F-11D3-BF4B-00C04F79EFBC}") = "ModpackHelper.Shared", "ModpackHelper\ModpackHelper.Shared.csproj", "{8896FB95-831F-4E2E-9F73-F871B650E747}"
EndProject
Project("{FAE04EC0-301F-11D3-BF4B-00C04F79EFBC}") = "ModpackHelper.Tests", "ModpackHelper.Tests\ModpackHelper.Tests.csproj", "{0FCF1266-CC4C-4DAA-A7DD-85AD871B573E}"
EndProject
Project("{FAE04EC0-301F-11D3-BF4B-00C04F79EFBC}") = "ModpackHelper.GUI", "ModpackHelper.GUI\ModpackHelper.GUI.csproj", "{C1405245-FB51-4489-8CC7-777B6BF966F5}"
EndProject
Project("{FAE04EC0-301F-11D3-BF4B-00C04F79EFBC}") = "ModpackHelper.CLI", "..\ModpackHelper.CLI\ModpackHelper.CLI.csproj", "{F210B2E3-034F-4C01-BD4A-38727A866AED}"
EndProject
Global
	GlobalSection(SolutionConfigurationPlatforms) = preSolution
		Debug|Any CPU = Debug|Any CPU
		Debug|x64 = Debug|x64
		Debug|x86 = Debug|x86
		DeployClickOnce|Any CPU = DeployClickOnce|Any CPU
		DeployClickOnce|x64 = DeployClickOnce|x64
		DeployClickOnce|x86 = DeployClickOnce|x86
		Release|Any CPU = Release|Any CPU
		Release|x64 = Release|x64
		Release|x86 = Release|x86
	EndGlobalSection
	GlobalSection(ProjectConfigurationPlatforms) = postSolution
		{ACB0CA1A-8E18-4ECB-B3D3-53A1AA94F68B}.Debug|Any CPU.ActiveCfg = Debug|Any CPU
		{ACB0CA1A-8E18-4ECB-B3D3-53A1AA94F68B}.Debug|x64.ActiveCfg = Debug|Any CPU
		{ACB0CA1A-8E18-4ECB-B3D3-53A1AA94F68B}.Debug|x86.ActiveCfg = Debug|Any CPU
		{ACB0CA1A-8E18-4ECB-B3D3-53A1AA94F68B}.DeployClickOnce|Any CPU.ActiveCfg = Debug|Any CPU
		{ACB0CA1A-8E18-4ECB-B3D3-53A1AA94F68B}.DeployClickOnce|x64.ActiveCfg = Debug|Any CPU
		{ACB0CA1A-8E18-4ECB-B3D3-53A1AA94F68B}.DeployClickOnce|x86.ActiveCfg = Debug|Any CPU
		{ACB0CA1A-8E18-4ECB-B3D3-53A1AA94F68B}.Release|Any CPU.ActiveCfg = Release|Any CPU
		{ACB0CA1A-8E18-4ECB-B3D3-53A1AA94F68B}.Release|x64.ActiveCfg = Release|Any CPU
		{ACB0CA1A-8E18-4ECB-B3D3-53A1AA94F68B}.Release|x86.ActiveCfg = Release|Any CPU
		{8896FB95-831F-4E2E-9F73-F871B650E747}.Debug|Any CPU.ActiveCfg = Debug|Any CPU
		{8896FB95-831F-4E2E-9F73-F871B650E747}.Debug|Any CPU.Build.0 = Debug|Any CPU
		{8896FB95-831F-4E2E-9F73-F871B650E747}.Debug|x64.ActiveCfg = Debug|Any CPU
		{8896FB95-831F-4E2E-9F73-F871B650E747}.Debug|x86.ActiveCfg = Debug|Any CPU
		{8896FB95-831F-4E2E-9F73-F871B650E747}.DeployClickOnce|Any CPU.ActiveCfg = Debug|Any CPU
		{8896FB95-831F-4E2E-9F73-F871B650E747}.DeployClickOnce|Any CPU.Build.0 = Debug|Any CPU
		{8896FB95-831F-4E2E-9F73-F871B650E747}.DeployClickOnce|x64.ActiveCfg = Debug|Any CPU
		{8896FB95-831F-4E2E-9F73-F871B650E747}.DeployClickOnce|x86.ActiveCfg = Debug|Any CPU
		{8896FB95-831F-4E2E-9F73-F871B650E747}.Release|Any CPU.ActiveCfg = Release|Any CPU
		{8896FB95-831F-4E2E-9F73-F871B650E747}.Release|Any CPU.Build.0 = Release|Any CPU
		{8896FB95-831F-4E2E-9F73-F871B650E747}.Release|x64.ActiveCfg = Release|Any CPU
		{8896FB95-831F-4E2E-9F73-F871B650E747}.Release|x86.ActiveCfg = Release|Any CPU
		{0FCF1266-CC4C-4DAA-A7DD-85AD871B573E}.Debug|Any CPU.ActiveCfg = Debug|Any CPU
		{0FCF1266-CC4C-4DAA-A7DD-85AD871B573E}.Debug|Any CPU.Build.0 = Debug|Any CPU
		{0FCF1266-CC4C-4DAA-A7DD-85AD871B573E}.Debug|x64.ActiveCfg = Debug|Any CPU
		{0FCF1266-CC4C-4DAA-A7DD-85AD871B573E}.Debug|x86.ActiveCfg = Debug|Any CPU
		{0FCF1266-CC4C-4DAA-A7DD-85AD871B573E}.DeployClickOnce|Any CPU.ActiveCfg = Debug|Any CPU
		{0FCF1266-CC4C-4DAA-A7DD-85AD871B573E}.DeployClickOnce|Any CPU.Build.0 = Debug|Any CPU
		{0FCF1266-CC4C-4DAA-A7DD-85AD871B573E}.DeployClickOnce|x64.ActiveCfg = Debug|Any CPU
		{0FCF1266-CC4C-4DAA-A7DD-85AD871B573E}.DeployClickOnce|x86.ActiveCfg = Debug|Any CPU
		{0FCF1266-CC4C-4DAA-A7DD-85AD871B573E}.Release|Any CPU.ActiveCfg = Release|Any CPU
		{0FCF1266-CC4C-4DAA-A7DD-85AD871B573E}.Release|Any CPU.Build.0 = Release|Any CPU
		{0FCF1266-CC4C-4DAA-A7DD-85AD871B573E}.Release|x64.ActiveCfg = Release|Any CPU
		{0FCF1266-CC4C-4DAA-A7DD-85AD871B573E}.Release|x86.ActiveCfg = Release|Any CPU
		{C1405245-FB51-4489-8CC7-777B6BF966F5}.Debug|Any CPU.ActiveCfg = Debug|Any CPU
		{C1405245-FB51-4489-8CC7-777B6BF966F5}.Debug|Any CPU.Build.0 = Debug|Any CPU
		{C1405245-FB51-4489-8CC7-777B6BF966F5}.Debug|x64.ActiveCfg = Debug|Any CPU
		{C1405245-FB51-4489-8CC7-777B6BF966F5}.Debug|x86.ActiveCfg = Debug|Any CPU
		{C1405245-FB51-4489-8CC7-777B6BF966F5}.DeployClickOnce|Any CPU.ActiveCfg = Debug|Any CPU
		{C1405245-FB51-4489-8CC7-777B6BF966F5}.DeployClickOnce|Any CPU.Build.0 = Debug|Any CPU
		{C1405245-FB51-4489-8CC7-777B6BF966F5}.DeployClickOnce|x64.ActiveCfg = Debug|Any CPU
		{C1405245-FB51-4489-8CC7-777B6BF966F5}.DeployClickOnce|x86.ActiveCfg = Debug|Any CPU
		{C1405245-FB51-4489-8CC7-777B6BF966F5}.Release|Any CPU.ActiveCfg = Release|Any CPU
		{C1405245-FB51-4489-8CC7-777B6BF966F5}.Release|Any CPU.Build.0 = Release|Any CPU
		{C1405245-FB51-4489-8CC7-777B6BF966F5}.Release|x64.ActiveCfg = Release|Any CPU
		{C1405245-FB51-4489-8CC7-777B6BF966F5}.Release|x86.ActiveCfg = Release|Any CPU
		{F210B2E3-034F-4C01-BD4A-38727A866AED}.Debug|Any CPU.ActiveCfg = Debug|Any CPU
		{F210B2E3-034F-4C01-BD4A-38727A866AED}.Debug|Any CPU.Build.0 = Debug|Any CPU
		{F210B2E3-034F-4C01-BD4A-38727A866AED}.Debug|x64.ActiveCfg = Debug|Any CPU
		{F210B2E3-034F-4C01-BD4A-38727A866AED}.Debug|x86.ActiveCfg = Debug|Any CPU
		{F210B2E3-034F-4C01-BD4A-38727A866AED}.DeployClickOnce|Any CPU.ActiveCfg = Debug|Any CPU
		{F210B2E3-034F-4C01-BD4A-38727A866AED}.DeployClickOnce|Any CPU.Build.0 = Debug|Any CPU
		{F210B2E3-034F-4C01-BD4A-38727A866AED}.DeployClickOnce|x64.ActiveCfg = Debug|Any CPU
		{F210B2E3-034F-4C01-BD4A-38727A866AED}.DeployClickOnce|x86.ActiveCfg = Debug|Any CPU
		{F210B2E3-034F-4C01-BD4A-38727A866AED}.Release|Any CPU.ActiveCfg = Release|Any CPU
		{F210B2E3-034F-4C01-BD4A-38727A866AED}.Release|Any CPU.Build.0 = Release|Any CPU
		{F210B2E3-034F-4C01-BD4A-38727A866AED}.Release|x64.ActiveCfg = Release|Any CPU
		{F210B2E3-034F-4C01-BD4A-38727A866AED}.Release|x86.ActiveCfg = Release|Any CPU
	EndGlobalSection
	GlobalSection(SolutionProperties) = preSolution
		HideSolutionNode = FALSE
	EndGlobalSection
	GlobalSection(MonoDevelopProperties) = preSolution
		StartupItem = TechnicSolderHelper\TechnicSolderHelper.csproj
		Policies = $0
		$0.DotNetNamingPolicy = $1
		$1.DirectoryNamespaceAssociation = None
		$1.ResourceNamePolicy = FileFormatDefault
		$0.TextStylePolicy = $2
		$2.FileWidth = 120
		$2.TabsToSpaces = False
		$2.inheritsSet = VisualStudio
		$2.inheritsScope = text/plain
		$0.StandardHeader = $3
		$3.Text = 
		$3.IncludeInNewFiles = True
		$0.NameConventionPolicy = $4
		$4.Rules = $5
		$5.NamingRule = $25
		$6.Name = Namespaces
		$6.AffectedEntity = Namespace
		$6.VisibilityMask = VisibilityMask
		$6.NamingStyle = PascalCase
		$6.IncludeInstanceMembers = True
		$6.IncludeStaticEntities = True
		$7.Name = Types
		$7.AffectedEntity = Class, Struct, Enum, Delegate
		$7.VisibilityMask = Public
		$7.NamingStyle = PascalCase
		$7.IncludeInstanceMembers = True
		$7.IncludeStaticEntities = True
		$8.Name = Interfaces
		$8.RequiredPrefixes = $9
		$9.String = I
		$8.AffectedEntity = Interface
		$8.VisibilityMask = Public
		$8.NamingStyle = PascalCase
		$8.IncludeInstanceMembers = True
		$8.IncludeStaticEntities = True
		$10.Name = Attributes
		$10.RequiredSuffixes = $11
		$11.String = Attribute
		$10.AffectedEntity = CustomAttributes
		$10.VisibilityMask = Public
		$10.NamingStyle = PascalCase
		$10.IncludeInstanceMembers = True
		$10.IncludeStaticEntities = True
		$12.Name = Event Arguments
		$12.RequiredSuffixes = $13
		$13.String = EventArgs
		$12.AffectedEntity = CustomEventArgs
		$12.VisibilityMask = Public
		$12.NamingStyle = PascalCase
		$12.IncludeInstanceMembers = True
		$12.IncludeStaticEntities = True
		$14.Name = Exceptions
		$14.RequiredSuffixes = $15
		$15.String = Exception
		$14.AffectedEntity = CustomExceptions
		$14.VisibilityMask = VisibilityMask
		$14.NamingStyle = PascalCase
		$14.IncludeInstanceMembers = True
		$14.IncludeStaticEntities = True
		$16.Name = Methods
		$16.AffectedEntity = Methods
		$16.VisibilityMask = Protected, Public
		$16.NamingStyle = PascalCase
		$16.IncludeInstanceMembers = True
		$16.IncludeStaticEntities = True
		$17.Name = Static Readonly Fields
		$17.AffectedEntity = ReadonlyField
		$17.VisibilityMask = Protected, Public
		$17.NamingStyle = PascalCase
		$17.IncludeInstanceMembers = False
		$17.IncludeStaticEntities = True
		$18.Name = Fields
		$18.AffectedEntity = Field
		$18.VisibilityMask = Protected, Public
		$18.NamingStyle = PascalCase
		$18.IncludeInstanceMembers = True
		$18.IncludeStaticEntities = True
		$19.Name = ReadOnly Fields
		$19.AffectedEntity = ReadonlyField
		$19.VisibilityMask = Protected, Public
		$19.NamingStyle = PascalCase
		$19.IncludeInstanceMembers = True
		$19.IncludeStaticEntities = False
		$20.Name = Constant Fields
		$20.AffectedEntity = ConstantField
		$20.VisibilityMask = Protected, Public
		$20.NamingStyle = PascalCase
		$20.IncludeInstanceMembers = True
		$20.IncludeStaticEntities = True
		$21.Name = Properties
		$21.AffectedEntity = Property
		$21.VisibilityMask = Protected, Public
		$21.NamingStyle = PascalCase
		$21.IncludeInstanceMembers = True
		$21.IncludeStaticEntities = True
		$22.Name = Events
		$22.AffectedEntity = Event
		$22.VisibilityMask = Protected, Public
		$22.NamingStyle = PascalCase
		$22.IncludeInstanceMembers = True
		$22.IncludeStaticEntities = True
		$23.Name = Enum Members
		$23.AffectedEntity = EnumMember
		$23.VisibilityMask = VisibilityMask
		$23.NamingStyle = PascalCase
		$23.IncludeInstanceMembers = True
		$23.IncludeStaticEntities = True
		$24.Name = Parameters
		$24.AffectedEntity = Parameter
		$24.VisibilityMask = VisibilityMask
		$24.NamingStyle = CamelCase
		$24.IncludeInstanceMembers = True
		$24.IncludeStaticEntities = True
		$25.Name = Type Parameters
		$25.RequiredPrefixes = $26
		$26.String = T
		$25.AffectedEntity = TypeParameter
		$25.VisibilityMask = VisibilityMask
		$25.NamingStyle = PascalCase
		$25.IncludeInstanceMembers = True
		$25.IncludeStaticEntities = True
	EndGlobalSection
EndGlobal
