
Microsoft Visual Studio Solution File, Format Version 12.00
# Visual Studio 2013
VisualStudioVersion = 12.0.30501.0
MinimumVisualStudioVersion = 10.0.40219.1
Project("{FAE04EC0-301F-11D3-BF4B-00C04F79EFBC}") = "TechnicSolderHelper", "TechnicSolderHelper\TechnicSolderHelper.csproj", "{7DFB4DA0-3155-43B8-BA1E-796C4B05B200}"
EndProject
Global
	GlobalSection(TeamFoundationVersionControl) = preSolution
		SccNumberOfProjects = 2
		SccEnterpriseProvider = {4CA58AB2-18FA-4F8D-95D4-32DDF27D184C}
		SccTeamFoundationServer = https://zlepper.visualstudio.com/defaultcollection
		SccLocalPath0 = .
		SccProjectUniqueName1 = TechnicSolderHelper\\TechnicSolderHelper.csproj
		SccProjectName1 = TechnicSolderHelper
		SccLocalPath1 = TechnicSolderHelper
	EndGlobalSection
	GlobalSection(SolutionConfigurationPlatforms) = preSolution
		Debug|Any CPU = Debug|Any CPU
		Debug|x64 = Debug|x64
		Debug|x86 = Debug|x86
		Release|Any CPU = Release|Any CPU
		Release|x64 = Release|x64
		Release|x86 = Release|x86
		test|Any CPU = test|Any CPU
		test|x64 = test|x64
		test|x86 = test|x86
	EndGlobalSection
	GlobalSection(ProjectConfigurationPlatforms) = postSolution
		{7DFB4DA0-3155-43B8-BA1E-796C4B05B200}.Debug|Any CPU.ActiveCfg = Debug|Any CPU
		{7DFB4DA0-3155-43B8-BA1E-796C4B05B200}.Debug|Any CPU.Build.0 = Debug|Any CPU
		{7DFB4DA0-3155-43B8-BA1E-796C4B05B200}.Debug|x64.ActiveCfg = Debug|x64
		{7DFB4DA0-3155-43B8-BA1E-796C4B05B200}.Debug|x64.Build.0 = Debug|x64
		{7DFB4DA0-3155-43B8-BA1E-796C4B05B200}.Debug|x86.ActiveCfg = Debug|x86
		{7DFB4DA0-3155-43B8-BA1E-796C4B05B200}.Debug|x86.Build.0 = Debug|x86
		{7DFB4DA0-3155-43B8-BA1E-796C4B05B200}.Release|Any CPU.ActiveCfg = Release|Any CPU
		{7DFB4DA0-3155-43B8-BA1E-796C4B05B200}.Release|Any CPU.Build.0 = Release|Any CPU
		{7DFB4DA0-3155-43B8-BA1E-796C4B05B200}.Release|x64.ActiveCfg = Release|x64
		{7DFB4DA0-3155-43B8-BA1E-796C4B05B200}.Release|x64.Build.0 = Release|x64
		{7DFB4DA0-3155-43B8-BA1E-796C4B05B200}.Release|x86.ActiveCfg = Release|x86
		{7DFB4DA0-3155-43B8-BA1E-796C4B05B200}.Release|x86.Build.0 = Release|x86
		{7DFB4DA0-3155-43B8-BA1E-796C4B05B200}.test|Any CPU.ActiveCfg = test|Any CPU
		{7DFB4DA0-3155-43B8-BA1E-796C4B05B200}.test|Any CPU.Build.0 = test|Any CPU
		{7DFB4DA0-3155-43B8-BA1E-796C4B05B200}.test|x64.ActiveCfg = test|x64
		{7DFB4DA0-3155-43B8-BA1E-796C4B05B200}.test|x64.Build.0 = test|x64
		{7DFB4DA0-3155-43B8-BA1E-796C4B05B200}.test|x86.ActiveCfg = test|x86
		{7DFB4DA0-3155-43B8-BA1E-796C4B05B200}.test|x86.Build.0 = test|x86
	EndGlobalSection
	GlobalSection(SolutionProperties) = preSolution
		HideSolutionNode = FALSE
	EndGlobalSection
EndGlobal
