
Microsoft Visual Studio Solution File, Format Version 11.00
# Visual Studio 2010
Project("{FAE04EC0-301F-11D3-BF4B-00C04F79EFBC}") = "ModpackHelper.Mac", "ModpackHelper.Mac.csproj", "{D28B3986-D2FE-4887-805D-31A04DB3E04F}"
EndProject
Global
	GlobalSection(SolutionConfigurationPlatforms) = preSolution
		Debug|Any CPU = Debug|Any CPU
		Release|Any CPU = Release|Any CPU
	EndGlobalSection
	GlobalSection(ProjectConfigurationPlatforms) = postSolution
		{D28B3986-D2FE-4887-805D-31A04DB3E04F}.Debug|Any CPU.ActiveCfg = Debug|Any CPU
		{D28B3986-D2FE-4887-805D-31A04DB3E04F}.Debug|Any CPU.Build.0 = Debug|Any CPU
		{D28B3986-D2FE-4887-805D-31A04DB3E04F}.Release|Any CPU.ActiveCfg = Release|Any CPU
		{D28B3986-D2FE-4887-805D-31A04DB3E04F}.Release|Any CPU.Build.0 = Release|Any CPU
	EndGlobalSection
EndGlobal
